
Microsoft Visual Studio Solution File, Format Version 12.00
Project("{FAE04EC0-301F-11D3-BF4B-00C04F79EFBC}") = "Client.Avalonia", "Client.Avalonia\Client.Avalonia.csproj", "{5F2CA04F-CE44-454E-99FD-8FD5FDDAAB7D}"
EndProject
Project("{FAE04EC0-301F-11D3-BF4B-00C04F79EFBC}") = "Client.Core", "Client.Core\Client.Core.csproj", "{A1710849-DAEA-4992-939D-B9ABBB392C51}"
EndProject
Project("{FAE04EC0-301F-11D3-BF4B-00C04F79EFBC}") = "DirectTask.Core", "DirectTask.Core\DirectTask.Core.csproj", "{3D7A733F-554C-4F2B-9C69-C4E31BEA4D9D}"
EndProject
Project("{FAE04EC0-301F-11D3-BF4B-00C04F79EFBC}") = "ReverseProblem.Core", "ReverseProblem.Core\ReverseProblem.Core.csproj", "{2AE67670-FCBA-4F7D-83C6-01D3294FB9D4}"
EndProject
Project("{FAE04EC0-301F-11D3-BF4B-00C04F79EFBC}") = "ReverseProblem.GaussNewton", "ReverseProblem.GaussNewton\ReverseProblem.GaussNewton.csproj", "{F35844F6-DA69-4045-9016-636C688418E5}"
EndProject
Project("{FAE04EC0-301F-11D3-BF4B-00C04F79EFBC}") = "Common", "Common\Common.csproj", "{F125D9FB-4006-4D29-897C-5F9722B164DD}"
EndProject
Global
	GlobalSection(SolutionConfigurationPlatforms) = preSolution
		Debug|Any CPU = Debug|Any CPU
		Release|Any CPU = Release|Any CPU
	EndGlobalSection
	GlobalSection(ProjectConfigurationPlatforms) = postSolution
		{5F2CA04F-CE44-454E-99FD-8FD5FDDAAB7D}.Debug|Any CPU.ActiveCfg = Debug|Any CPU
		{5F2CA04F-CE44-454E-99FD-8FD5FDDAAB7D}.Debug|Any CPU.Build.0 = Debug|Any CPU
		{5F2CA04F-CE44-454E-99FD-8FD5FDDAAB7D}.Release|Any CPU.ActiveCfg = Release|Any CPU
		{5F2CA04F-CE44-454E-99FD-8FD5FDDAAB7D}.Release|Any CPU.Build.0 = Release|Any CPU
		{A1710849-DAEA-4992-939D-B9ABBB392C51}.Debug|Any CPU.ActiveCfg = Debug|Any CPU
		{A1710849-DAEA-4992-939D-B9ABBB392C51}.Debug|Any CPU.Build.0 = Debug|Any CPU
		{A1710849-DAEA-4992-939D-B9ABBB392C51}.Release|Any CPU.ActiveCfg = Release|Any CPU
		{A1710849-DAEA-4992-939D-B9ABBB392C51}.Release|Any CPU.Build.0 = Release|Any CPU
		{3D7A733F-554C-4F2B-9C69-C4E31BEA4D9D}.Debug|Any CPU.ActiveCfg = Debug|Any CPU
		{3D7A733F-554C-4F2B-9C69-C4E31BEA4D9D}.Debug|Any CPU.Build.0 = Debug|Any CPU
		{3D7A733F-554C-4F2B-9C69-C4E31BEA4D9D}.Release|Any CPU.ActiveCfg = Release|Any CPU
		{3D7A733F-554C-4F2B-9C69-C4E31BEA4D9D}.Release|Any CPU.Build.0 = Release|Any CPU
		{2AE67670-FCBA-4F7D-83C6-01D3294FB9D4}.Debug|Any CPU.ActiveCfg = Debug|Any CPU
		{2AE67670-FCBA-4F7D-83C6-01D3294FB9D4}.Debug|Any CPU.Build.0 = Debug|Any CPU
		{2AE67670-FCBA-4F7D-83C6-01D3294FB9D4}.Release|Any CPU.ActiveCfg = Release|Any CPU
		{2AE67670-FCBA-4F7D-83C6-01D3294FB9D4}.Release|Any CPU.Build.0 = Release|Any CPU
		{F35844F6-DA69-4045-9016-636C688418E5}.Debug|Any CPU.ActiveCfg = Debug|Any CPU
		{F35844F6-DA69-4045-9016-636C688418E5}.Debug|Any CPU.Build.0 = Debug|Any CPU
		{F35844F6-DA69-4045-9016-636C688418E5}.Release|Any CPU.ActiveCfg = Release|Any CPU
		{F35844F6-DA69-4045-9016-636C688418E5}.Release|Any CPU.Build.0 = Release|Any CPU
		{F125D9FB-4006-4D29-897C-5F9722B164DD}.Debug|Any CPU.ActiveCfg = Debug|Any CPU
		{F125D9FB-4006-4D29-897C-5F9722B164DD}.Debug|Any CPU.Build.0 = Debug|Any CPU
		{F125D9FB-4006-4D29-897C-5F9722B164DD}.Release|Any CPU.ActiveCfg = Release|Any CPU
		{F125D9FB-4006-4D29-897C-5F9722B164DD}.Release|Any CPU.Build.0 = Release|Any CPU
	EndGlobalSection
EndGlobal
